
Microsoft Visual Studio Solution File, Format Version 12.00
# Visual Studio Version 16
VisualStudioVersion = 16.0.29613.14
MinimumVisualStudioVersion = 10.0.40219.1
Project("{FAE04EC0-301F-11D3-BF4B-00C04F79EFBC}") = "AutoSteamApp", "AutoSteamApp\AutoSteamApp.csproj", "{480E341A-4063-4DA4-9B77-5443A0B923AF}"
EndProject
Global
	GlobalSection(SolutionConfigurationPlatforms) = preSolution
		Debug|Any CPU = Debug|Any CPU
		Release|Any CPU = Release|Any CPU
	EndGlobalSection
	GlobalSection(ProjectConfigurationPlatforms) = postSolution
		{480E341A-4063-4DA4-9B77-5443A0B923AF}.Debug|Any CPU.ActiveCfg = Debug|Any CPU
		{480E341A-4063-4DA4-9B77-5443A0B923AF}.Debug|Any CPU.Build.0 = Debug|Any CPU
		{480E341A-4063-4DA4-9B77-5443A0B923AF}.Release|Any CPU.ActiveCfg = Release|Any CPU
		{480E341A-4063-4DA4-9B77-5443A0B923AF}.Release|Any CPU.Build.0 = Release|Any CPU
	EndGlobalSection
	GlobalSection(SolutionProperties) = preSolution
		HideSolutionNode = FALSE
	EndGlobalSection
	GlobalSection(ExtensibilityGlobals) = postSolution
		SolutionGuid = {93F7AF93-96C8-45C5-B12A-6C4FEA2FBECF}
	EndGlobalSection
EndGlobal
